
Microsoft Visual Studio Solution File, Format Version 12.00
# Visual Studio Version 17
VisualStudioVersion = 17.9.34728.123
MinimumVisualStudioVersion = 10.0.40219.1
Project("{FAE04EC0-301F-11D3-BF4B-00C04F79EFBC}") = "PracticeC#", "PracticeC#\PracticeC#.csproj", "{0CF6C42E-7DD4-431A-AC9B-6FC5F373ED3A}"
EndProject
Global
	GlobalSection(SolutionConfigurationPlatforms) = preSolution
		Debug|Any CPU = Debug|Any CPU
		Release|Any CPU = Release|Any CPU
	EndGlobalSection
	GlobalSection(ProjectConfigurationPlatforms) = postSolution
		{0CF6C42E-7DD4-431A-AC9B-6FC5F373ED3A}.Debug|Any CPU.ActiveCfg = Debug|Any CPU
		{0CF6C42E-7DD4-431A-AC9B-6FC5F373ED3A}.Debug|Any CPU.Build.0 = Debug|Any CPU
		{0CF6C42E-7DD4-431A-AC9B-6FC5F373ED3A}.Release|Any CPU.ActiveCfg = Release|Any CPU
		{0CF6C42E-7DD4-431A-AC9B-6FC5F373ED3A}.Release|Any CPU.Build.0 = Release|Any CPU
	EndGlobalSection
	GlobalSection(SolutionProperties) = preSolution
		HideSolutionNode = FALSE
	EndGlobalSection
	GlobalSection(ExtensibilityGlobals) = postSolution
		SolutionGuid = {7EF00038-AFF8-41ED-BD9A-4F391D198674}
	EndGlobalSection
EndGlobal
